
Microsoft Visual Studio Solution File, Format Version 12.00
# Blend for Visual Studio Version 17
VisualStudioVersion = 17.14.36429.23 d17.14
MinimumVisualStudioVersion = 10.0.40219.1
Project("{FAE04EC0-301F-11D3-BF4B-00C04F79EFBC}") = "HabitTrack", "HabitTrack\HabitTrack.csproj", "{B55A37D1-95BF-4267-9FE7-39825C30095B}"
EndProject
Global
	GlobalSection(SolutionConfigurationPlatforms) = preSolution
		Debug|Any CPU = Debug|Any CPU
		Release|Any CPU = Release|Any CPU
	EndGlobalSection
	GlobalSection(ProjectConfigurationPlatforms) = postSolution
		{B55A37D1-95BF-4267-9FE7-39825C30095B}.Debug|Any CPU.ActiveCfg = Debug|Any CPU
		{B55A37D1-95BF-4267-9FE7-39825C30095B}.Debug|Any CPU.Build.0 = Debug|Any CPU
		{B55A37D1-95BF-4267-9FE7-39825C30095B}.Release|Any CPU.ActiveCfg = Release|Any CPU
		{B55A37D1-95BF-4267-9FE7-39825C30095B}.Release|Any CPU.Build.0 = Release|Any CPU
	EndGlobalSection
	GlobalSection(SolutionProperties) = preSolution
		HideSolutionNode = FALSE
	EndGlobalSection
	GlobalSection(ExtensibilityGlobals) = postSolution
		SolutionGuid = {157DF09D-FB81-487A-83A0-87BE965616D0}
	EndGlobalSection
EndGlobal
